// !$*UTF8*$!
{
	archiveVersion = 1;
	classes = {
	};
	objectVersion = 50;
	objects = {

/* Begin PBXBuildFile section */
		6A12070022DF93A700CF72C7 /* GameNightController.swift in Sources */ = {isa = PBXBuildFile; fileRef = 6A1206FF22DF93A700CF72C7 /* GameNightController.swift */; };
		851D750022DF7CD6007D3EC8 /* AppDelegate.swift in Sources */ = {isa = PBXBuildFile; fileRef = 851D74FF22DF7CD6007D3EC8 /* AppDelegate.swift */; };
		851D750222DF7CD6007D3EC8 /* ViewController.swift in Sources */ = {isa = PBXBuildFile; fileRef = 851D750122DF7CD6007D3EC8 /* ViewController.swift */; };
		851D750522DF7CD6007D3EC8 /* Main.storyboard in Resources */ = {isa = PBXBuildFile; fileRef = 851D750322DF7CD6007D3EC8 /* Main.storyboard */; };
		851D750722DF7CD8007D3EC8 /* Assets.xcassets in Resources */ = {isa = PBXBuildFile; fileRef = 851D750622DF7CD8007D3EC8 /* Assets.xcassets */; };
		851D750A22DF7CD8007D3EC8 /* LaunchScreen.storyboard in Resources */ = {isa = PBXBuildFile; fileRef = 851D750822DF7CD8007D3EC8 /* LaunchScreen.storyboard */; };
		851D751B22DF8267007D3EC8 /* ToDoList.swift in Sources */ = {isa = PBXBuildFile; fileRef = 851D751A22DF8267007D3EC8 /* ToDoList.swift */; };
/* End PBXBuildFile section */

/* Begin PBXFileReference section */
		6A1206FF22DF93A700CF72C7 /* GameNightController.swift */ = {isa = PBXFileReference; lastKnownFileType = sourcecode.swift; path = GameNightController.swift; sourceTree = "<group>"; };
		851D74FC22DF7CD6007D3EC8 /* GameNight.app */ = {isa = PBXFileReference; explicitFileType = wrapper.application; includeInIndex = 0; path = GameNight.app; sourceTree = BUILT_PRODUCTS_DIR; };
		851D74FF22DF7CD6007D3EC8 /* AppDelegate.swift */ = {isa = PBXFileReference; lastKnownFileType = sourcecode.swift; path = AppDelegate.swift; sourceTree = "<group>"; };
		851D750122DF7CD6007D3EC8 /* ViewController.swift */ = {isa = PBXFileReference; lastKnownFileType = sourcecode.swift; path = ViewController.swift; sourceTree = "<group>"; };
		851D750422DF7CD6007D3EC8 /* Base */ = {isa = PBXFileReference; lastKnownFileType = file.storyboard; name = Base; path = Base.lproj/Main.storyboard; sourceTree = "<group>"; };
		851D750622DF7CD8007D3EC8 /* Assets.xcassets */ = {isa = PBXFileReference; lastKnownFileType = folder.assetcatalog; path = Assets.xcassets; sourceTree = "<group>"; };
		851D750922DF7CD8007D3EC8 /* Base */ = {isa = PBXFileReference; lastKnownFileType = file.storyboard; name = Base; path = Base.lproj/LaunchScreen.storyboard; sourceTree = "<group>"; };
		851D750B22DF7CD8007D3EC8 /* Info.plist */ = {isa = PBXFileReference; lastKnownFileType = text.plist.xml; path = Info.plist; sourceTree = "<group>"; };
		851D751A22DF8267007D3EC8 /* ToDoList.swift */ = {isa = PBXFileReference; lastKnownFileType = sourcecode.swift; path = ToDoList.swift; sourceTree = "<group>"; };
/* End PBXFileReference section */

/* Begin PBXFrameworksBuildPhase section */
		851D74F922DF7CD6007D3EC8 /* Frameworks */ = {
			isa = PBXFrameworksBuildPhase;
			buildActionMask = 2147483647;
			files = (
			);
			runOnlyForDeploymentPostprocessing = 0;
		};
/* End PBXFrameworksBuildPhase section */

/* Begin PBXGroup section */
		6A1206FE22DF937000CF72C7 /* Model Controllers */ = {
			isa = PBXGroup;
			children = (
				6A1206FF22DF93A700CF72C7 /* GameNightController.swift */,
			);
			path = "Model Controllers";
			sourceTree = "<group>";
		};
		851D74F322DF7CD6007D3EC8 = {
			isa = PBXGroup;
			children = (
				851D74FE22DF7CD6007D3EC8 /* GameNight */,
				851D74FD22DF7CD6007D3EC8 /* Products */,
			);
			sourceTree = "<group>";
		};
		851D74FD22DF7CD6007D3EC8 /* Products */ = {
			isa = PBXGroup;
			children = (
				851D74FC22DF7CD6007D3EC8 /* GameNight.app */,
			);
			name = Products;
			sourceTree = "<group>";
		};
		851D74FE22DF7CD6007D3EC8 /* GameNight */ = {
			isa = PBXGroup;
			children = (
				6A1206FE22DF937000CF72C7 /* Model Controllers */,
				851D751922DF7D98007D3EC8 /* Models */,
				851D751822DF7D92007D3EC8 /* Views */,
				851D751422DF7D5F007D3EC8 /* Controllers */,
				851D751122DF7D38007D3EC8 /* Storyboards */,
				851D751222DF7D52007D3EC8 /* Resources */,
			);
			path = GameNight;
			sourceTree = "<group>";
		};
		851D751122DF7D38007D3EC8 /* Storyboards */ = {
			isa = PBXGroup;
			children = (
				851D750322DF7CD6007D3EC8 /* Main.storyboard */,
				851D750822DF7CD8007D3EC8 /* LaunchScreen.storyboard */,
			);
			path = Storyboards;
			sourceTree = "<group>";
		};
		851D751222DF7D52007D3EC8 /* Resources */ = {
			isa = PBXGroup;
			children = (
				851D74FF22DF7CD6007D3EC8 /* AppDelegate.swift */,
				851D750622DF7CD8007D3EC8 /* Assets.xcassets */,
				851D750B22DF7CD8007D3EC8 /* Info.plist */,
				851D751A22DF8267007D3EC8 /* ToDoList.swift */,
			);
			path = Resources;
			sourceTree = "<group>";
		};
		851D751322DF7D59007D3EC8 /* ViewControllers */ = {
			isa = PBXGroup;
			children = (
				851D750122DF7CD6007D3EC8 /* ViewController.swift */,
			);
			path = ViewControllers;
			sourceTree = "<group>";
		};
		851D751422DF7D5F007D3EC8 /* Controllers */ = {
			isa = PBXGroup;
			children = (
				851D751722DF7D89007D3EC8 /* AnimationControllers */,
				851D751522DF7D63007D3EC8 /* ModelControllers */,
				851D751322DF7D59007D3EC8 /* ViewControllers */,
				851D751622DF7D7E007D3EC8 /* Helpers+Extensions */,
			);
			path = Controllers;
			sourceTree = "<group>";
		};
		851D751522DF7D63007D3EC8 /* ModelControllers */ = {
			isa = PBXGroup;
			children = (
			);
			path = ModelControllers;
			sourceTree = "<group>";
		};
		851D751622DF7D7E007D3EC8 /* Helpers+Extensions */ = {
			isa = PBXGroup;
			children = (
			);
			path = "Helpers+Extensions";
			sourceTree = "<group>";
		};
		851D751722DF7D89007D3EC8 /* AnimationControllers */ = {
			isa = PBXGroup;
			children = (
			);
			path = AnimationControllers;
			sourceTree = "<group>";
		};
		851D751822DF7D92007D3EC8 /* Views */ = {
			isa = PBXGroup;
			children = (
			);
			path = Views;
			sourceTree = "<group>";
		};
		851D751922DF7D98007D3EC8 /* Models */ = {
			isa = PBXGroup;
			children = (
			);
			path = Models;
			sourceTree = "<group>";
		};
/* End PBXGroup section */

/* Begin PBXNativeTarget section */
		851D74FB22DF7CD6007D3EC8 /* GameNight */ = {
			isa = PBXNativeTarget;
			buildConfigurationList = 851D750E22DF7CD8007D3EC8 /* Build configuration list for PBXNativeTarget "GameNight" */;
			buildPhases = (
				851D74F822DF7CD6007D3EC8 /* Sources */,
				851D74F922DF7CD6007D3EC8 /* Frameworks */,
				851D74FA22DF7CD6007D3EC8 /* Resources */,
			);
			buildRules = (
			);
			dependencies = (
			);
			name = GameNight;
			productName = GameNight;
			productReference = 851D74FC22DF7CD6007D3EC8 /* GameNight.app */;
			productType = "com.apple.product-type.application";
		};
/* End PBXNativeTarget section */

/* Begin PBXProject section */
		851D74F422DF7CD6007D3EC8 /* Project object */ = {
			isa = PBXProject;
			attributes = {
				LastSwiftUpdateCheck = 1020;
				LastUpgradeCheck = 1020;
				ORGANIZATIONNAME = "Timothy Rosenvall";
				TargetAttributes = {
					851D74FB22DF7CD6007D3EC8 = {
						CreatedOnToolsVersion = 10.2.1;
					};
				};
			};
			buildConfigurationList = 851D74F722DF7CD6007D3EC8 /* Build configuration list for PBXProject "GameNight" */;
			compatibilityVersion = "Xcode 9.3";
			developmentRegion = en;
			hasScannedForEncodings = 0;
			knownRegions = (
				en,
				Base,
			);
			mainGroup = 851D74F322DF7CD6007D3EC8;
			productRefGroup = 851D74FD22DF7CD6007D3EC8 /* Products */;
			projectDirPath = "";
			projectRoot = "";
			targets = (
				851D74FB22DF7CD6007D3EC8 /* GameNight */,
			);
		};
/* End PBXProject section */

/* Begin PBXResourcesBuildPhase section */
		851D74FA22DF7CD6007D3EC8 /* Resources */ = {
			isa = PBXResourcesBuildPhase;
			buildActionMask = 2147483647;
			files = (
				851D750A22DF7CD8007D3EC8 /* LaunchScreen.storyboard in Resources */,
				851D750722DF7CD8007D3EC8 /* Assets.xcassets in Resources */,
				851D750522DF7CD6007D3EC8 /* Main.storyboard in Resources */,
			);
			runOnlyForDeploymentPostprocessing = 0;
		};
/* End PBXResourcesBuildPhase section */

/* Begin PBXSourcesBuildPhase section */
		851D74F822DF7CD6007D3EC8 /* Sources */ = {
			isa = PBXSourcesBuildPhase;
			buildActionMask = 2147483647;
			files = (
				6A12070022DF93A700CF72C7 /* GameNightController.swift in Sources */,
				851D750222DF7CD6007D3EC8 /* ViewController.swift in Sources */,
				851D751B22DF8267007D3EC8 /* ToDoList.swift in Sources */,
				851D750022DF7CD6007D3EC8 /* AppDelegate.swift in Sources */,
			);
			runOnlyForDeploymentPostprocessing = 0;
		};
/* End PBXSourcesBuildPhase section */

/* Begin PBXVariantGroup section */
		851D750322DF7CD6007D3EC8 /* Main.storyboard */ = {
			isa = PBXVariantGroup;
			children = (
				851D750422DF7CD6007D3EC8 /* Base */,
			);
			name = Main.storyboard;
			sourceTree = "<group>";
		};
		851D750822DF7CD8007D3EC8 /* LaunchScreen.storyboard */ = {
			isa = PBXVariantGroup;
			children = (
				851D750922DF7CD8007D3EC8 /* Base */,
			);
			name = LaunchScreen.storyboard;
			sourceTree = "<group>";
		};
/* End PBXVariantGroup section */

/* Begin XCBuildConfiguration section */
		851D750C22DF7CD8007D3EC8 /* Debug */ = {
			isa = XCBuildConfiguration;
			buildSettings = {
				ALWAYS_SEARCH_USER_PATHS = NO;
				CLANG_ANALYZER_NONNULL = YES;
				CLANG_ANALYZER_NUMBER_OBJECT_CONVERSION = YES_AGGRESSIVE;
				CLANG_CXX_LANGUAGE_STANDARD = "gnu++14";
				CLANG_CXX_LIBRARY = "libc++";
				CLANG_ENABLE_MODULES = YES;
				CLANG_ENABLE_OBJC_ARC = YES;
				CLANG_ENABLE_OBJC_WEAK = YES;
				CLANG_WARN_BLOCK_CAPTURE_AUTORELEASING = YES;
				CLANG_WARN_BOOL_CONVERSION = YES;
				CLANG_WARN_COMMA = YES;
				CLANG_WARN_CONSTANT_CONVERSION = YES;
				CLANG_WARN_DEPRECATED_OBJC_IMPLEMENTATIONS = YES;
				CLANG_WARN_DIRECT_OBJC_ISA_USAGE = YES_ERROR;
				CLANG_WARN_DOCUMENTATION_COMMENTS = YES;
				CLANG_WARN_EMPTY_BODY = YES;
				CLANG_WARN_ENUM_CONVERSION = YES;
				CLANG_WARN_INFINITE_RECURSION = YES;
				CLANG_WARN_INT_CONVERSION = YES;
				CLANG_WARN_NON_LITERAL_NULL_CONVERSION = YES;
				CLANG_WARN_OBJC_IMPLICIT_RETAIN_SELF = YES;
				CLANG_WARN_OBJC_LITERAL_CONVERSION = YES;
				CLANG_WARN_OBJC_ROOT_CLASS = YES_ERROR;
				CLANG_WARN_RANGE_LOOP_ANALYSIS = YES;
				CLANG_WARN_STRICT_PROTOTYPES = YES;
				CLANG_WARN_SUSPICIOUS_MOVE = YES;
				CLANG_WARN_UNGUARDED_AVAILABILITY = YES_AGGRESSIVE;
				CLANG_WARN_UNREACHABLE_CODE = YES;
				CLANG_WARN__DUPLICATE_METHOD_MATCH = YES;
				CODE_SIGN_IDENTITY = "iPhone Developer";
				COPY_PHASE_STRIP = NO;
				DEBUG_INFORMATION_FORMAT = dwarf;
				ENABLE_STRICT_OBJC_MSGSEND = YES;
				ENABLE_TESTABILITY = YES;
				GCC_C_LANGUAGE_STANDARD = gnu11;
				GCC_DYNAMIC_NO_PIC = NO;
				GCC_NO_COMMON_BLOCKS = YES;
				GCC_OPTIMIZATION_LEVEL = 0;
				GCC_PREPROCESSOR_DEFINITIONS = (
					"DEBUG=1",
					"$(inherited)",
				);
				GCC_WARN_64_TO_32_BIT_CONVERSION = YES;
				GCC_WARN_ABOUT_RETURN_TYPE = YES_ERROR;
				GCC_WARN_UNDECLARED_SELECTOR = YES;
				GCC_WARN_UNINITIALIZED_AUTOS = YES_AGGRESSIVE;
				GCC_WARN_UNUSED_FUNCTION = YES;
				GCC_WARN_UNUSED_VARIABLE = YES;
				IPHONEOS_DEPLOYMENT_TARGET = 12.2;
				MTL_ENABLE_DEBUG_INFO = INCLUDE_SOURCE;
				MTL_FAST_MATH = YES;
				ONLY_ACTIVE_ARCH = YES;
				SDKROOT = iphoneos;
				SWIFT_ACTIVE_COMPILATION_CONDITIONS = DEBUG;
				SWIFT_OPTIMIZATION_LEVEL = "-Onone";
			};
			name = Debug;
		};
		851D750D22DF7CD8007D3EC8 /* Release */ = {
			isa = XCBuildConfiguration;
			buildSettings = {
				ALWAYS_SEARCH_USER_PATHS = NO;
				CLANG_ANALYZER_NONNULL = YES;
				CLANG_ANALYZER_NUMBER_OBJECT_CONVERSION = YES_AGGRESSIVE;
				CLANG_CXX_LANGUAGE_STANDARD = "gnu++14";
				CLANG_CXX_LIBRARY = "libc++";
				CLANG_ENABLE_MODULES = YES;
				CLANG_ENABLE_OBJC_ARC = YES;
				CLANG_ENABLE_OBJC_WEAK = YES;
				CLANG_WARN_BLOCK_CAPTURE_AUTORELEASING = YES;
				CLANG_WARN_BOOL_CONVERSION = YES;
				CLANG_WARN_COMMA = YES;
				CLANG_WARN_CONSTANT_CONVERSION = YES;
				CLANG_WARN_DEPRECATED_OBJC_IMPLEMENTATIONS = YES;
				CLANG_WARN_DIRECT_OBJC_ISA_USAGE = YES_ERROR;
				CLANG_WARN_DOCUMENTATION_COMMENTS = YES;
				CLANG_WARN_EMPTY_BODY = YES;
				CLANG_WARN_ENUM_CONVERSION = YES;
				CLANG_WARN_INFINITE_RECURSION = YES;
				CLANG_WARN_INT_CONVERSION = YES;
				CLANG_WARN_NON_LITERAL_NULL_CONVERSION = YES;
				CLANG_WARN_OBJC_IMPLICIT_RETAIN_SELF = YES;
				CLANG_WARN_OBJC_LITERAL_CONVERSION = YES;
				CLANG_WARN_OBJC_ROOT_CLASS = YES_ERROR;
				CLANG_WARN_RANGE_LOOP_ANALYSIS = YES;
				CLANG_WARN_STRICT_PROTOTYPES = YES;
				CLANG_WARN_SUSPICIOUS_MOVE = YES;
				CLANG_WARN_UNGUARDED_AVAILABILITY = YES_AGGRESSIVE;
				CLANG_WARN_UNREACHABLE_CODE = YES;
				CLANG_WARN__DUPLICATE_METHOD_MATCH = YES;
				CODE_SIGN_IDENTITY = "iPhone Developer";
				COPY_PHASE_STRIP = NO;
				DEBUG_INFORMATION_FORMAT = "dwarf-with-dsym";
				ENABLE_NS_ASSERTIONS = NO;
				ENABLE_STRICT_OBJC_MSGSEND = YES;
				GCC_C_LANGUAGE_STANDARD = gnu11;
				GCC_NO_COMMON_BLOCKS = YES;
				GCC_WARN_64_TO_32_BIT_CONVERSION = YES;
				GCC_WARN_ABOUT_RETURN_TYPE = YES_ERROR;
				GCC_WARN_UNDECLARED_SELECTOR = YES;
				GCC_WARN_UNINITIALIZED_AUTOS = YES_AGGRESSIVE;
				GCC_WARN_UNUSED_FUNCTION = YES;
				GCC_WARN_UNUSED_VARIABLE = YES;
				IPHONEOS_DEPLOYMENT_TARGET = 12.2;
				MTL_ENABLE_DEBUG_INFO = NO;
				MTL_FAST_MATH = YES;
				SDKROOT = iphoneos;
				SWIFT_COMPILATION_MODE = wholemodule;
				SWIFT_OPTIMIZATION_LEVEL = "-O";
				VALIDATE_PRODUCT = YES;
			};
			name = Release;
		};
		851D750F22DF7CD8007D3EC8 /* Debug */ = {
			isa = XCBuildConfiguration;
			buildSettings = {
				ASSETCATALOG_COMPILER_APPICON_NAME = AppIcon;
				CODE_SIGN_STYLE = Automatic;
				DEVELOPMENT_TEAM = YY8J3FPYX8;
				INFOPLIST_FILE = GameNight/Info.plist;
				LD_RUNPATH_SEARCH_PATHS = (
					"$(inherited)",
					"@executable_path/Frameworks",
				);
				PRODUCT_BUNDLE_IDENTIFIER = TAR.GameNight;
				PRODUCT_NAME = "$(TARGET_NAME)";
				SWIFT_VERSION = 5.0;
				TARGETED_DEVICE_FAMILY = "1,2";
			};
			name = Debug;
		};
		851D751022DF7CD8007D3EC8 /* Release */ = {
			isa = XCBuildConfiguration;
			buildSettings = {
				ASSETCATALOG_COMPILER_APPICON_NAME = AppIcon;
				CODE_SIGN_STYLE = Automatic;
				DEVELOPMENT_TEAM = YY8J3FPYX8;
				INFOPLIST_FILE = GameNight/Info.plist;
				LD_RUNPATH_SEARCH_PATHS = (
					"$(inherited)",
					"@executable_path/Frameworks",
				);
				PRODUCT_BUNDLE_IDENTIFIER = TAR.GameNight;
				PRODUCT_NAME = "$(TARGET_NAME)";
				SWIFT_VERSION = 5.0;
				TARGETED_DEVICE_FAMILY = "1,2";
			};
			name = Release;
		};
/* End XCBuildConfiguration section */

/* Begin XCConfigurationList section */
		851D74F722DF7CD6007D3EC8 /* Build configuration list for PBXProject "GameNight" */ = {
			isa = XCConfigurationList;
			buildConfigurations = (
				851D750C22DF7CD8007D3EC8 /* Debug */,
				851D750D22DF7CD8007D3EC8 /* Release */,
			);
			defaultConfigurationIsVisible = 0;
			defaultConfigurationName = Release;
		};
		851D750E22DF7CD8007D3EC8 /* Build configuration list for PBXNativeTarget "GameNight" */ = {
			isa = XCConfigurationList;
			buildConfigurations = (
				851D750F22DF7CD8007D3EC8 /* Debug */,
				851D751022DF7CD8007D3EC8 /* Release */,
			);
			defaultConfigurationIsVisible = 0;
			defaultConfigurationName = Release;
		};
/* End XCConfigurationList section */
	};
	rootObject = 851D74F422DF7CD6007D3EC8 /* Project object */;
}
